
Microsoft Visual Studio Solution File, Format Version 12.00
# Visual Studio Version 16
VisualStudioVersion = 16.0.29806.167
MinimumVisualStudioVersion = 10.0.40219.1
Project("{8BC9CEB8-8B4A-11D0-8D11-00A0C91BC942}") = "krc", "krc\krc.vcxproj", "{D14704E3-B5A7-4837-B777-E5E598F6EA2B}"
EndProject
Project("{8BC9CEB8-8B4A-11D0-8D11-00A0C91BC942}") = "krc_unit_test", "krc_unit_test\krc_unit_test.vcxproj", "{38E53F03-6151-43BA-A0D3-57074A367F03}"
EndProject
Project("{8BC9CEB8-8B4A-11D0-8D11-00A0C91BC942}") = "krc_code_generate", "krc_code_generate\krc_code_generate.vcxproj", "{341E89C7-337D-4636-AA51-103A8FA1E692}"
EndProject
Global
	GlobalSection(SolutionConfigurationPlatforms) = preSolution
		Debug|x64 = Debug|x64
		Debug|x86 = Debug|x86
		Release|x64 = Release|x64
		Release|x86 = Release|x86
	EndGlobalSection
	GlobalSection(ProjectConfigurationPlatforms) = postSolution
		{D14704E3-B5A7-4837-B777-E5E598F6EA2B}.Debug|x64.ActiveCfg = Debug|x64
		{D14704E3-B5A7-4837-B777-E5E598F6EA2B}.Debug|x64.Build.0 = Debug|x64
		{D14704E3-B5A7-4837-B777-E5E598F6EA2B}.Debug|x86.ActiveCfg = Debug|Win32
		{D14704E3-B5A7-4837-B777-E5E598F6EA2B}.Debug|x86.Build.0 = Debug|Win32
		{D14704E3-B5A7-4837-B777-E5E598F6EA2B}.Release|x64.ActiveCfg = Release|x64
		{D14704E3-B5A7-4837-B777-E5E598F6EA2B}.Release|x64.Build.0 = Release|x64
		{D14704E3-B5A7-4837-B777-E5E598F6EA2B}.Release|x86.ActiveCfg = Release|Win32
		{D14704E3-B5A7-4837-B777-E5E598F6EA2B}.Release|x86.Build.0 = Release|Win32
		{38E53F03-6151-43BA-A0D3-57074A367F03}.Debug|x64.ActiveCfg = Debug|x64
		{38E53F03-6151-43BA-A0D3-57074A367F03}.Debug|x64.Build.0 = Debug|x64
		{38E53F03-6151-43BA-A0D3-57074A367F03}.Debug|x86.ActiveCfg = Debug|Win32
		{38E53F03-6151-43BA-A0D3-57074A367F03}.Debug|x86.Build.0 = Debug|Win32
		{38E53F03-6151-43BA-A0D3-57074A367F03}.Release|x64.ActiveCfg = Release|x64
		{38E53F03-6151-43BA-A0D3-57074A367F03}.Release|x64.Build.0 = Release|x64
		{38E53F03-6151-43BA-A0D3-57074A367F03}.Release|x86.ActiveCfg = Release|Win32
		{38E53F03-6151-43BA-A0D3-57074A367F03}.Release|x86.Build.0 = Release|Win32
		{341E89C7-337D-4636-AA51-103A8FA1E692}.Debug|x64.ActiveCfg = Debug|x64
		{341E89C7-337D-4636-AA51-103A8FA1E692}.Debug|x64.Build.0 = Debug|x64
		{341E89C7-337D-4636-AA51-103A8FA1E692}.Debug|x86.ActiveCfg = Debug|Win32
		{341E89C7-337D-4636-AA51-103A8FA1E692}.Debug|x86.Build.0 = Debug|Win32
		{341E89C7-337D-4636-AA51-103A8FA1E692}.Release|x64.ActiveCfg = Release|x64
		{341E89C7-337D-4636-AA51-103A8FA1E692}.Release|x64.Build.0 = Release|x64
		{341E89C7-337D-4636-AA51-103A8FA1E692}.Release|x86.ActiveCfg = Release|Win32
		{341E89C7-337D-4636-AA51-103A8FA1E692}.Release|x86.Build.0 = Release|Win32
	EndGlobalSection
	GlobalSection(SolutionProperties) = preSolution
		HideSolutionNode = FALSE
	EndGlobalSection
	GlobalSection(ExtensibilityGlobals) = postSolution
		SolutionGuid = {79AAE764-C797-4008-92BF-BFFAAFD678A3}
	EndGlobalSection
EndGlobal
