<?xml version="1.0" encoding="utf-8"?>
<Project ToolsVersion="4.0" xmlns="http://schemas.microsoft.com/developer/msbuild/2003">
  <ItemGroup>
    <Filter Include="iconv">
      <UniqueIdentifier>{2b1dc806-313a-4de7-adb1-b462d3cd7464}</UniqueIdentifier>
    </Filter>
    <Filter Include="main">
      <UniqueIdentifier>{af659743-5085-4ab6-b1ab-df13f65ad4c5}</UniqueIdentifier>
    </Filter>
  </ItemGroup>
  <ItemGroup>
    <ClCompile Include="..\iconv\iconv.c">
      <Filter>iconv</Filter>
    </ClCompile>
    <ClCompile Include="..\iconv\localcharset.c">
      <Filter>iconv</Filter>
    </ClCompile>
    <ClCompile Include="..\iconv\relocatable.c">
      <Filter>iconv</Filter>
    </ClCompile>
    <ClCompile Include="krc_code_generate.cpp">
      <Filter>main</Filter>
    </ClCompile>
  </ItemGroup>
  <ItemGroup>
    <ClInclude Include="..\iconv\aliases.h">
      <Filter>iconv</Filter>
    </ClInclude>
    <ClInclude Include="..\iconv\aliases_aix.h">
      <Filter>iconv</Filter>
    </ClInclude>
    <ClInclude Include="..\iconv\aliases_aix_sysaix.h">
      <Filter>iconv</Filter>
    </ClInclude>
    <ClInclude Include="..\iconv\aliases_dos.h">
      <Filter>iconv</Filter>
    </ClInclude>
    <ClInclude Include="..\iconv\aliases_extra.h">
      <Filter>iconv</Filter>
    </ClInclude>
    <ClInclude Include="..\iconv\aliases_osf1.h">
      <Filter>iconv</Filter>
    </ClInclude>
    <ClInclude Include="..\iconv\aliases_osf1_sysosf1.h">
      <Filter>iconv</Filter>
    </ClInclude>
    <ClInclude Include="..\iconv\aliases_sysaix.h">
      <Filter>iconv</Filter>
    </ClInclude>
    <ClInclude Include="..\iconv\aliases_syshpux.h">
      <Filter>iconv</Filter>
    </ClInclude>
    <ClInclude Include="..\iconv\aliases_sysosf1.h">
      <Filter>iconv</Filter>
    </ClInclude>
    <ClInclude Include="..\iconv\aliases_syssolaris.h">
      <Filter>iconv</Filter>
    </ClInclude>
    <ClInclude Include="..\iconv\aliases_zos.h">
      <Filter>iconv</Filter>
    </ClInclude>
    <ClInclude Include="..\iconv\aliases2.h">
      <Filter>iconv</Filter>
    </ClInclude>
    <ClInclude Include="..\iconv\armscii_8.h">
      <Filter>iconv</Filter>
    </ClInclude>
    <ClInclude Include="..\iconv\ascii.h">
      <Filter>iconv</Filter>
    </ClInclude>
    <ClInclude Include="..\iconv\atarist.h">
      <Filter>iconv</Filter>
    </ClInclude>
    <ClInclude Include="..\iconv\big5.h">
      <Filter>iconv</Filter>
    </ClInclude>
    <ClInclude Include="..\iconv\big5_2003.h">
      <Filter>iconv</Filter>
    </ClInclude>
    <ClInclude Include="..\iconv\big5hkscs1999.h">
      <Filter>iconv</Filter>
    </ClInclude>
    <ClInclude Include="..\iconv\big5hkscs2001.h">
      <Filter>iconv</Filter>
    </ClInclude>
    <ClInclude Include="..\iconv\big5hkscs2004.h">
      <Filter>iconv</Filter>
    </ClInclude>
    <ClInclude Include="..\iconv\big5hkscs2008.h">
      <Filter>iconv</Filter>
    </ClInclude>
    <ClInclude Include="..\iconv\c99.h">
      <Filter>iconv</Filter>
    </ClInclude>
    <ClInclude Include="..\iconv\canonical.h">
      <Filter>iconv</Filter>
    </ClInclude>
    <ClInclude Include="..\iconv\canonical_aix.h">
      <Filter>iconv</Filter>
    </ClInclude>
    <ClInclude Include="..\iconv\canonical_aix_sysaix.h">
      <Filter>iconv</Filter>
    </ClInclude>
    <ClInclude Include="..\iconv\canonical_dos.h">
      <Filter>iconv</Filter>
    </ClInclude>
    <ClInclude Include="..\iconv\canonical_extra.h">
      <Filter>iconv</Filter>
    </ClInclude>
    <ClInclude Include="..\iconv\canonical_local.h">
      <Filter>iconv</Filter>
    </ClInclude>
    <ClInclude Include="..\iconv\canonical_local_sysaix.h">
      <Filter>iconv</Filter>
    </ClInclude>
    <ClInclude Include="..\iconv\canonical_local_syshpux.h">
      <Filter>iconv</Filter>
    </ClInclude>
    <ClInclude Include="..\iconv\canonical_local_sysosf1.h">
      <Filter>iconv</Filter>
    </ClInclude>
    <ClInclude Include="..\iconv\canonical_local_syssolaris.h">
      <Filter>iconv</Filter>
    </ClInclude>
    <ClInclude Include="..\iconv\canonical_osf1.h">
      <Filter>iconv</Filter>
    </ClInclude>
    <ClInclude Include="..\iconv\canonical_osf1_sysosf1.h">
      <Filter>iconv</Filter>
    </ClInclude>
    <ClInclude Include="..\iconv\canonical_sysaix.h">
      <Filter>iconv</Filter>
    </ClInclude>
    <ClInclude Include="..\iconv\canonical_syshpux.h">
      <Filter>iconv</Filter>
    </ClInclude>
    <ClInclude Include="..\iconv\canonical_sysosf1.h">
      <Filter>iconv</Filter>
    </ClInclude>
    <ClInclude Include="..\iconv\canonical_syssolaris.h">
      <Filter>iconv</Filter>
    </ClInclude>
    <ClInclude Include="..\iconv\canonical_zos.h">
      <Filter>iconv</Filter>
    </ClInclude>
    <ClInclude Include="..\iconv\ces_big5.h">
      <Filter>iconv</Filter>
    </ClInclude>
    <ClInclude Include="..\iconv\ces_gbk.h">
      <Filter>iconv</Filter>
    </ClInclude>
    <ClInclude Include="..\iconv\cjk_variants.h">
      <Filter>iconv</Filter>
    </ClInclude>
    <ClInclude Include="..\iconv\cns11643.h">
      <Filter>iconv</Filter>
    </ClInclude>
    <ClInclude Include="..\iconv\cns11643_1.h">
      <Filter>iconv</Filter>
    </ClInclude>
    <ClInclude Include="..\iconv\cns11643_2.h">
      <Filter>iconv</Filter>
    </ClInclude>
    <ClInclude Include="..\iconv\cns11643_3.h">
      <Filter>iconv</Filter>
    </ClInclude>
    <ClInclude Include="..\iconv\cns11643_4.h">
      <Filter>iconv</Filter>
    </ClInclude>
    <ClInclude Include="..\iconv\cns11643_4a.h">
      <Filter>iconv</Filter>
    </ClInclude>
    <ClInclude Include="..\iconv\cns11643_4b.h">
      <Filter>iconv</Filter>
    </ClInclude>
    <ClInclude Include="..\iconv\cns11643_5.h">
      <Filter>iconv</Filter>
    </ClInclude>
    <ClInclude Include="..\iconv\cns11643_6.h">
      <Filter>iconv</Filter>
    </ClInclude>
    <ClInclude Include="..\iconv\cns11643_7.h">
      <Filter>iconv</Filter>
    </ClInclude>
    <ClInclude Include="..\iconv\cns11643_15.h">
      <Filter>iconv</Filter>
    </ClInclude>
    <ClInclude Include="..\iconv\cns11643_inv.h">
      <Filter>iconv</Filter>
    </ClInclude>
    <ClInclude Include="..\iconv\config.h">
      <Filter>iconv</Filter>
    </ClInclude>
    <ClInclude Include="..\iconv\converters.h">
      <Filter>iconv</Filter>
    </ClInclude>
    <ClInclude Include="..\iconv\cp437.h">
      <Filter>iconv</Filter>
    </ClInclude>
    <ClInclude Include="..\iconv\cp737.h">
      <Filter>iconv</Filter>
    </ClInclude>
    <ClInclude Include="..\iconv\cp775.h">
      <Filter>iconv</Filter>
    </ClInclude>
    <ClInclude Include="..\iconv\cp850.h">
      <Filter>iconv</Filter>
    </ClInclude>
    <ClInclude Include="..\iconv\cp852.h">
      <Filter>iconv</Filter>
    </ClInclude>
    <ClInclude Include="..\iconv\cp853.h">
      <Filter>iconv</Filter>
    </ClInclude>
    <ClInclude Include="..\iconv\cp855.h">
      <Filter>iconv</Filter>
    </ClInclude>
    <ClInclude Include="..\iconv\cp856.h">
      <Filter>iconv</Filter>
    </ClInclude>
    <ClInclude Include="..\iconv\cp857.h">
      <Filter>iconv</Filter>
    </ClInclude>
    <ClInclude Include="..\iconv\cp858.h">
      <Filter>iconv</Filter>
    </ClInclude>
    <ClInclude Include="..\iconv\cp860.h">
      <Filter>iconv</Filter>
    </ClInclude>
    <ClInclude Include="..\iconv\cp861.h">
      <Filter>iconv</Filter>
    </ClInclude>
    <ClInclude Include="..\iconv\cp862.h">
      <Filter>iconv</Filter>
    </ClInclude>
    <ClInclude Include="..\iconv\cp863.h">
      <Filter>iconv</Filter>
    </ClInclude>
    <ClInclude Include="..\iconv\cp864.h">
      <Filter>iconv</Filter>
    </ClInclude>
    <ClInclude Include="..\iconv\cp865.h">
      <Filter>iconv</Filter>
    </ClInclude>
    <ClInclude Include="..\iconv\cp866.h">
      <Filter>iconv</Filter>
    </ClInclude>
    <ClInclude Include="..\iconv\cp869.h">
      <Filter>iconv</Filter>
    </ClInclude>
    <ClInclude Include="..\iconv\cp874.h">
      <Filter>iconv</Filter>
    </ClInclude>
    <ClInclude Include="..\iconv\cp922.h">
      <Filter>iconv</Filter>
    </ClInclude>
    <ClInclude Include="..\iconv\cp932.h">
      <Filter>iconv</Filter>
    </ClInclude>
    <ClInclude Include="..\iconv\cp932ext.h">
      <Filter>iconv</Filter>
    </ClInclude>
    <ClInclude Include="..\iconv\cp936.h">
      <Filter>iconv</Filter>
    </ClInclude>
    <ClInclude Include="..\iconv\cp936ext.h">
      <Filter>iconv</Filter>
    </ClInclude>
    <ClInclude Include="..\iconv\cp943.h">
      <Filter>iconv</Filter>
    </ClInclude>
    <ClInclude Include="..\iconv\cp949.h">
      <Filter>iconv</Filter>
    </ClInclude>
    <ClInclude Include="..\iconv\cp950.h">
      <Filter>iconv</Filter>
    </ClInclude>
    <ClInclude Include="..\iconv\cp950ext.h">
      <Filter>iconv</Filter>
    </ClInclude>
    <ClInclude Include="..\iconv\cp1046.h">
      <Filter>iconv</Filter>
    </ClInclude>
    <ClInclude Include="..\iconv\cp1124.h">
      <Filter>iconv</Filter>
    </ClInclude>
    <ClInclude Include="..\iconv\cp1125.h">
      <Filter>iconv</Filter>
    </ClInclude>
    <ClInclude Include="..\iconv\cp1129.h">
      <Filter>iconv</Filter>
    </ClInclude>
    <ClInclude Include="..\iconv\cp1131.h">
      <Filter>iconv</Filter>
    </ClInclude>
    <ClInclude Include="..\iconv\cp1133.h">
      <Filter>iconv</Filter>
    </ClInclude>
    <ClInclude Include="..\iconv\cp1161.h">
      <Filter>iconv</Filter>
    </ClInclude>
    <ClInclude Include="..\iconv\cp1162.h">
      <Filter>iconv</Filter>
    </ClInclude>
    <ClInclude Include="..\iconv\cp1163.h">
      <Filter>iconv</Filter>
    </ClInclude>
    <ClInclude Include="..\iconv\cp1250.h">
      <Filter>iconv</Filter>
    </ClInclude>
    <ClInclude Include="..\iconv\cp1251.h">
      <Filter>iconv</Filter>
    </ClInclude>
    <ClInclude Include="..\iconv\cp1252.h">
      <Filter>iconv</Filter>
    </ClInclude>
    <ClInclude Include="..\iconv\cp1253.h">
      <Filter>iconv</Filter>
    </ClInclude>
    <ClInclude Include="..\iconv\cp1254.h">
      <Filter>iconv</Filter>
    </ClInclude>
    <ClInclude Include="..\iconv\cp1255.h">
      <Filter>iconv</Filter>
    </ClInclude>
    <ClInclude Include="..\iconv\cp1256.h">
      <Filter>iconv</Filter>
    </ClInclude>
    <ClInclude Include="..\iconv\cp1257.h">
      <Filter>iconv</Filter>
    </ClInclude>
    <ClInclude Include="..\iconv\cp1258.h">
      <Filter>iconv</Filter>
    </ClInclude>
    <ClInclude Include="..\iconv\cp50221_0208_ext.h">
      <Filter>iconv</Filter>
    </ClInclude>
    <ClInclude Include="..\iconv\cp50221_0212_ext.h">
      <Filter>iconv</Filter>
    </ClInclude>
    <ClInclude Include="..\iconv\dec_hanyu.h">
      <Filter>iconv</Filter>
    </ClInclude>
    <ClInclude Include="..\iconv\dec_kanji.h">
      <Filter>iconv</Filter>
    </ClInclude>
    <ClInclude Include="..\iconv\ebcdic037.h">
      <Filter>iconv</Filter>
    </ClInclude>
    <ClInclude Include="..\iconv\ebcdic273.h">
      <Filter>iconv</Filter>
    </ClInclude>
    <ClInclude Include="..\iconv\ebcdic277.h">
      <Filter>iconv</Filter>
    </ClInclude>
    <ClInclude Include="..\iconv\ebcdic278.h">
      <Filter>iconv</Filter>
    </ClInclude>
    <ClInclude Include="..\iconv\ebcdic280.h">
      <Filter>iconv</Filter>
    </ClInclude>
    <ClInclude Include="..\iconv\ebcdic282.h">
      <Filter>iconv</Filter>
    </ClInclude>
    <ClInclude Include="..\iconv\ebcdic284.h">
      <Filter>iconv</Filter>
    </ClInclude>
    <ClInclude Include="..\iconv\ebcdic285.h">
      <Filter>iconv</Filter>
    </ClInclude>
    <ClInclude Include="..\iconv\ebcdic297.h">
      <Filter>iconv</Filter>
    </ClInclude>
    <ClInclude Include="..\iconv\ebcdic423.h">
      <Filter>iconv</Filter>
    </ClInclude>
    <ClInclude Include="..\iconv\ebcdic424.h">
      <Filter>iconv</Filter>
    </ClInclude>
    <ClInclude Include="..\iconv\ebcdic425.h">
      <Filter>iconv</Filter>
    </ClInclude>
    <ClInclude Include="..\iconv\ebcdic500.h">
      <Filter>iconv</Filter>
    </ClInclude>
    <ClInclude Include="..\iconv\ebcdic838.h">
      <Filter>iconv</Filter>
    </ClInclude>
    <ClInclude Include="..\iconv\ebcdic870.h">
      <Filter>iconv</Filter>
    </ClInclude>
    <ClInclude Include="..\iconv\ebcdic871.h">
      <Filter>iconv</Filter>
    </ClInclude>
    <ClInclude Include="..\iconv\ebcdic875.h">
      <Filter>iconv</Filter>
    </ClInclude>
    <ClInclude Include="..\iconv\ebcdic880.h">
      <Filter>iconv</Filter>
    </ClInclude>
    <ClInclude Include="..\iconv\ebcdic905.h">
      <Filter>iconv</Filter>
    </ClInclude>
    <ClInclude Include="..\iconv\ebcdic924.h">
      <Filter>iconv</Filter>
    </ClInclude>
    <ClInclude Include="..\iconv\ebcdic1025.h">
      <Filter>iconv</Filter>
    </ClInclude>
    <ClInclude Include="..\iconv\ebcdic1026.h">
      <Filter>iconv</Filter>
    </ClInclude>
    <ClInclude Include="..\iconv\ebcdic1047.h">
      <Filter>iconv</Filter>
    </ClInclude>
    <ClInclude Include="..\iconv\ebcdic1097.h">
      <Filter>iconv</Filter>
    </ClInclude>
    <ClInclude Include="..\iconv\ebcdic1112.h">
      <Filter>iconv</Filter>
    </ClInclude>
    <ClInclude Include="..\iconv\ebcdic1122.h">
      <Filter>iconv</Filter>
    </ClInclude>
    <ClInclude Include="..\iconv\ebcdic1123.h">
      <Filter>iconv</Filter>
    </ClInclude>
    <ClInclude Include="..\iconv\ebcdic1130.h">
      <Filter>iconv</Filter>
    </ClInclude>
    <ClInclude Include="..\iconv\ebcdic1132.h">
      <Filter>iconv</Filter>
    </ClInclude>
    <ClInclude Include="..\iconv\ebcdic1137.h">
      <Filter>iconv</Filter>
    </ClInclude>
    <ClInclude Include="..\iconv\ebcdic1140.h">
      <Filter>iconv</Filter>
    </ClInclude>
    <ClInclude Include="..\iconv\ebcdic1141.h">
      <Filter>iconv</Filter>
    </ClInclude>
    <ClInclude Include="..\iconv\ebcdic1142.h">
      <Filter>iconv</Filter>
    </ClInclude>
    <ClInclude Include="..\iconv\ebcdic1143.h">
      <Filter>iconv</Filter>
    </ClInclude>
    <ClInclude Include="..\iconv\ebcdic1144.h">
      <Filter>iconv</Filter>
    </ClInclude>
    <ClInclude Include="..\iconv\ebcdic1145.h">
      <Filter>iconv</Filter>
    </ClInclude>
    <ClInclude Include="..\iconv\ebcdic1146.h">
      <Filter>iconv</Filter>
    </ClInclude>
    <ClInclude Include="..\iconv\ebcdic1147.h">
      <Filter>iconv</Filter>
    </ClInclude>
    <ClInclude Include="..\iconv\ebcdic1148.h">
      <Filter>iconv</Filter>
    </ClInclude>
    <ClInclude Include="..\iconv\ebcdic1149.h">
      <Filter>iconv</Filter>
    </ClInclude>
    <ClInclude Include="..\iconv\ebcdic1153.h">
      <Filter>iconv</Filter>
    </ClInclude>
    <ClInclude Include="..\iconv\ebcdic1154.h">
      <Filter>iconv</Filter>
    </ClInclude>
    <ClInclude Include="..\iconv\ebcdic1155.h">
      <Filter>iconv</Filter>
    </ClInclude>
    <ClInclude Include="..\iconv\ebcdic1156.h">
      <Filter>iconv</Filter>
    </ClInclude>
    <ClInclude Include="..\iconv\ebcdic1157.h">
      <Filter>iconv</Filter>
    </ClInclude>
    <ClInclude Include="..\iconv\ebcdic1158.h">
      <Filter>iconv</Filter>
    </ClInclude>
    <ClInclude Include="..\iconv\ebcdic1160.h">
      <Filter>iconv</Filter>
    </ClInclude>
    <ClInclude Include="..\iconv\ebcdic1164.h">
      <Filter>iconv</Filter>
    </ClInclude>
    <ClInclude Include="..\iconv\ebcdic1165.h">
      <Filter>iconv</Filter>
    </ClInclude>
    <ClInclude Include="..\iconv\ebcdic1166.h">
      <Filter>iconv</Filter>
    </ClInclude>
    <ClInclude Include="..\iconv\ebcdic4971.h">
      <Filter>iconv</Filter>
    </ClInclude>
    <ClInclude Include="..\iconv\ebcdic12712.h">
      <Filter>iconv</Filter>
    </ClInclude>
    <ClInclude Include="..\iconv\ebcdic16804.h">
      <Filter>iconv</Filter>
    </ClInclude>
    <ClInclude Include="..\iconv\euc_cn.h">
      <Filter>iconv</Filter>
    </ClInclude>
    <ClInclude Include="..\iconv\euc_jisx0213.h">
      <Filter>iconv</Filter>
    </ClInclude>
    <ClInclude Include="..\iconv\euc_jp.h">
      <Filter>iconv</Filter>
    </ClInclude>
    <ClInclude Include="..\iconv\euc_kr.h">
      <Filter>iconv</Filter>
    </ClInclude>
    <ClInclude Include="..\iconv\euc_tw.h">
      <Filter>iconv</Filter>
    </ClInclude>
    <ClInclude Include="..\iconv\flags.h">
      <Filter>iconv</Filter>
    </ClInclude>
    <ClInclude Include="..\iconv\flushwc.h">
      <Filter>iconv</Filter>
    </ClInclude>
    <ClInclude Include="..\iconv\gb2312.h">
      <Filter>iconv</Filter>
    </ClInclude>
    <ClInclude Include="..\iconv\gb12345.h">
      <Filter>iconv</Filter>
    </ClInclude>
    <ClInclude Include="..\iconv\gb12345ext.h">
      <Filter>iconv</Filter>
    </ClInclude>
    <ClInclude Include="..\iconv\gb18030.h">
      <Filter>iconv</Filter>
    </ClInclude>
    <ClInclude Include="..\iconv\gb18030ext.h">
      <Filter>iconv</Filter>
    </ClInclude>
    <ClInclude Include="..\iconv\gb18030uni.h">
      <Filter>iconv</Filter>
    </ClInclude>
    <ClInclude Include="..\iconv\gbk.h">
      <Filter>iconv</Filter>
    </ClInclude>
    <ClInclude Include="..\iconv\gbkext_inv.h">
      <Filter>iconv</Filter>
    </ClInclude>
    <ClInclude Include="..\iconv\gbkext1.h">
      <Filter>iconv</Filter>
    </ClInclude>
    <ClInclude Include="..\iconv\gbkext2.h">
      <Filter>iconv</Filter>
    </ClInclude>
    <ClInclude Include="..\iconv\georgian_academy.h">
      <Filter>iconv</Filter>
    </ClInclude>
    <ClInclude Include="..\iconv\georgian_ps.h">
      <Filter>iconv</Filter>
    </ClInclude>
    <ClInclude Include="..\iconv\hkscs1999.h">
      <Filter>iconv</Filter>
    </ClInclude>
    <ClInclude Include="..\iconv\hkscs2001.h">
      <Filter>iconv</Filter>
    </ClInclude>
    <ClInclude Include="..\iconv\hkscs2004.h">
      <Filter>iconv</Filter>
    </ClInclude>
    <ClInclude Include="..\iconv\hkscs2008.h">
      <Filter>iconv</Filter>
    </ClInclude>
    <ClInclude Include="..\iconv\hp_roman8.h">
      <Filter>iconv</Filter>
    </ClInclude>
    <ClInclude Include="..\iconv\hz.h">
      <Filter>iconv</Filter>
    </ClInclude>
    <ClInclude Include="..\iconv\iconv.h">
      <Filter>iconv</Filter>
    </ClInclude>
    <ClInclude Include="..\iconv\iconv_open1.h">
      <Filter>iconv</Filter>
    </ClInclude>
    <ClInclude Include="..\iconv\iconv_open2.h">
      <Filter>iconv</Filter>
    </ClInclude>
    <ClInclude Include="..\iconv\iso646_cn.h">
      <Filter>iconv</Filter>
    </ClInclude>
    <ClInclude Include="..\iconv\iso646_jp.h">
      <Filter>iconv</Filter>
    </ClInclude>
    <ClInclude Include="..\iconv\iso2022_cn.h">
      <Filter>iconv</Filter>
    </ClInclude>
    <ClInclude Include="..\iconv\iso2022_cnext.h">
      <Filter>iconv</Filter>
    </ClInclude>
    <ClInclude Include="..\iconv\iso2022_jp.h">
      <Filter>iconv</Filter>
    </ClInclude>
    <ClInclude Include="..\iconv\iso2022_jp1.h">
      <Filter>iconv</Filter>
    </ClInclude>
    <ClInclude Include="..\iconv\iso2022_jp2.h">
      <Filter>iconv</Filter>
    </ClInclude>
    <ClInclude Include="..\iconv\iso2022_jp3.h">
      <Filter>iconv</Filter>
    </ClInclude>
    <ClInclude Include="..\iconv\iso2022_jpms.h">
      <Filter>iconv</Filter>
    </ClInclude>
    <ClInclude Include="..\iconv\iso2022_kr.h">
      <Filter>iconv</Filter>
    </ClInclude>
    <ClInclude Include="..\iconv\iso8859_1.h">
      <Filter>iconv</Filter>
    </ClInclude>
    <ClInclude Include="..\iconv\iso8859_2.h">
      <Filter>iconv</Filter>
    </ClInclude>
    <ClInclude Include="..\iconv\iso8859_3.h">
      <Filter>iconv</Filter>
    </ClInclude>
    <ClInclude Include="..\iconv\iso8859_4.h">
      <Filter>iconv</Filter>
    </ClInclude>
    <ClInclude Include="..\iconv\iso8859_5.h">
      <Filter>iconv</Filter>
    </ClInclude>
    <ClInclude Include="..\iconv\iso8859_6.h">
      <Filter>iconv</Filter>
    </ClInclude>
    <ClInclude Include="..\iconv\iso8859_7.h">
      <Filter>iconv</Filter>
    </ClInclude>
    <ClInclude Include="..\iconv\iso8859_8.h">
      <Filter>iconv</Filter>
    </ClInclude>
    <ClInclude Include="..\iconv\iso8859_9.h">
      <Filter>iconv</Filter>
    </ClInclude>
    <ClInclude Include="..\iconv\iso8859_10.h">
      <Filter>iconv</Filter>
    </ClInclude>
    <ClInclude Include="..\iconv\iso8859_11.h">
      <Filter>iconv</Filter>
    </ClInclude>
    <ClInclude Include="..\iconv\iso8859_13.h">
      <Filter>iconv</Filter>
    </ClInclude>
    <ClInclude Include="..\iconv\iso8859_14.h">
      <Filter>iconv</Filter>
    </ClInclude>
    <ClInclude Include="..\iconv\iso8859_15.h">
      <Filter>iconv</Filter>
    </ClInclude>
    <ClInclude Include="..\iconv\iso8859_16.h">
      <Filter>iconv</Filter>
    </ClInclude>
    <ClInclude Include="..\iconv\isoir165.h">
      <Filter>iconv</Filter>
    </ClInclude>
    <ClInclude Include="..\iconv\isoir165ext.h">
      <Filter>iconv</Filter>
    </ClInclude>
    <ClInclude Include="..\iconv\java.h">
      <Filter>iconv</Filter>
    </ClInclude>
    <ClInclude Include="..\iconv\jisx0201.h">
      <Filter>iconv</Filter>
    </ClInclude>
    <ClInclude Include="..\iconv\jisx0208.h">
      <Filter>iconv</Filter>
    </ClInclude>
    <ClInclude Include="..\iconv\jisx0212.h">
      <Filter>iconv</Filter>
    </ClInclude>
    <ClInclude Include="..\iconv\jisx0213.h">
      <Filter>iconv</Filter>
    </ClInclude>
    <ClInclude Include="..\iconv\johab.h">
      <Filter>iconv</Filter>
    </ClInclude>
    <ClInclude Include="..\iconv\johab_hangul.h">
      <Filter>iconv</Filter>
    </ClInclude>
    <ClInclude Include="..\iconv\koi8_r.h">
      <Filter>iconv</Filter>
    </ClInclude>
    <ClInclude Include="..\iconv\koi8_ru.h">
      <Filter>iconv</Filter>
    </ClInclude>
    <ClInclude Include="..\iconv\koi8_t.h">
      <Filter>iconv</Filter>
    </ClInclude>
    <ClInclude Include="..\iconv\koi8_u.h">
      <Filter>iconv</Filter>
    </ClInclude>
    <ClInclude Include="..\iconv\ksc5601.h">
      <Filter>iconv</Filter>
    </ClInclude>
    <ClInclude Include="..\iconv\libcharset.h">
      <Filter>iconv</Filter>
    </ClInclude>
    <ClInclude Include="..\iconv\localcharset.h">
      <Filter>iconv</Filter>
    </ClInclude>
    <ClInclude Include="..\iconv\loop_unicode.h">
      <Filter>iconv</Filter>
    </ClInclude>
    <ClInclude Include="..\iconv\loop_wchar.h">
      <Filter>iconv</Filter>
    </ClInclude>
    <ClInclude Include="..\iconv\loops.h">
      <Filter>iconv</Filter>
    </ClInclude>
    <ClInclude Include="..\iconv\mac_arabic.h">
      <Filter>iconv</Filter>
    </ClInclude>
    <ClInclude Include="..\iconv\mac_centraleurope.h">
      <Filter>iconv</Filter>
    </ClInclude>
    <ClInclude Include="..\iconv\mac_croatian.h">
      <Filter>iconv</Filter>
    </ClInclude>
    <ClInclude Include="..\iconv\mac_cyrillic.h">
      <Filter>iconv</Filter>
    </ClInclude>
    <ClInclude Include="..\iconv\mac_greek.h">
      <Filter>iconv</Filter>
    </ClInclude>
    <ClInclude Include="..\iconv\mac_hebrew.h">
      <Filter>iconv</Filter>
    </ClInclude>
    <ClInclude Include="..\iconv\mac_iceland.h">
      <Filter>iconv</Filter>
    </ClInclude>
    <ClInclude Include="..\iconv\mac_roman.h">
      <Filter>iconv</Filter>
    </ClInclude>
    <ClInclude Include="..\iconv\mac_romania.h">
      <Filter>iconv</Filter>
    </ClInclude>
    <ClInclude Include="..\iconv\mac_thai.h">
      <Filter>iconv</Filter>
    </ClInclude>
    <ClInclude Include="..\iconv\mac_turkish.h">
      <Filter>iconv</Filter>
    </ClInclude>
    <ClInclude Include="..\iconv\mac_ukraine.h">
      <Filter>iconv</Filter>
    </ClInclude>
    <ClInclude Include="..\iconv\mulelao.h">
      <Filter>iconv</Filter>
    </ClInclude>
    <ClInclude Include="..\iconv\nextstep.h">
      <Filter>iconv</Filter>
    </ClInclude>
    <ClInclude Include="..\iconv\pt154.h">
      <Filter>iconv</Filter>
    </ClInclude>
    <ClInclude Include="..\iconv\relocatable.h">
      <Filter>iconv</Filter>
    </ClInclude>
    <ClInclude Include="..\iconv\riscos1.h">
      <Filter>iconv</Filter>
    </ClInclude>
    <ClInclude Include="..\iconv\rk1048.h">
      <Filter>iconv</Filter>
    </ClInclude>
    <ClInclude Include="..\iconv\shift_jisx0213.h">
      <Filter>iconv</Filter>
    </ClInclude>
    <ClInclude Include="..\iconv\sjis.h">
      <Filter>iconv</Filter>
    </ClInclude>
    <ClInclude Include="..\iconv\tcvn.h">
      <Filter>iconv</Filter>
    </ClInclude>
    <ClInclude Include="..\iconv\tds565.h">
      <Filter>iconv</Filter>
    </ClInclude>
    <ClInclude Include="..\iconv\tis620.h">
      <Filter>iconv</Filter>
    </ClInclude>
    <ClInclude Include="..\iconv\translit.h">
      <Filter>iconv</Filter>
    </ClInclude>
    <ClInclude Include="..\iconv\ucs2.h">
      <Filter>iconv</Filter>
    </ClInclude>
    <ClInclude Include="..\iconv\ucs2be.h">
      <Filter>iconv</Filter>
    </ClInclude>
    <ClInclude Include="..\iconv\ucs2internal.h">
      <Filter>iconv</Filter>
    </ClInclude>
    <ClInclude Include="..\iconv\ucs2le.h">
      <Filter>iconv</Filter>
    </ClInclude>
    <ClInclude Include="..\iconv\ucs2swapped.h">
      <Filter>iconv</Filter>
    </ClInclude>
    <ClInclude Include="..\iconv\ucs4.h">
      <Filter>iconv</Filter>
    </ClInclude>
    <ClInclude Include="..\iconv\ucs4be.h">
      <Filter>iconv</Filter>
    </ClInclude>
    <ClInclude Include="..\iconv\ucs4internal.h">
      <Filter>iconv</Filter>
    </ClInclude>
    <ClInclude Include="..\iconv\ucs4le.h">
      <Filter>iconv</Filter>
    </ClInclude>
    <ClInclude Include="..\iconv\ucs4swapped.h">
      <Filter>iconv</Filter>
    </ClInclude>
    <ClInclude Include="..\iconv\uhc_1.h">
      <Filter>iconv</Filter>
    </ClInclude>
    <ClInclude Include="..\iconv\uhc_2.h">
      <Filter>iconv</Filter>
    </ClInclude>
    <ClInclude Include="..\iconv\utf7.h">
      <Filter>iconv</Filter>
    </ClInclude>
    <ClInclude Include="..\iconv\utf8.h">
      <Filter>iconv</Filter>
    </ClInclude>
    <ClInclude Include="..\iconv\utf16.h">
      <Filter>iconv</Filter>
    </ClInclude>
    <ClInclude Include="..\iconv\utf16be.h">
      <Filter>iconv</Filter>
    </ClInclude>
    <ClInclude Include="..\iconv\utf16le.h">
      <Filter>iconv</Filter>
    </ClInclude>
    <ClInclude Include="..\iconv\utf32.h">
      <Filter>iconv</Filter>
    </ClInclude>
    <ClInclude Include="..\iconv\utf32be.h">
      <Filter>iconv</Filter>
    </ClInclude>
    <ClInclude Include="..\iconv\utf32le.h">
      <Filter>iconv</Filter>
    </ClInclude>
    <ClInclude Include="..\iconv\vietcomb.h">
      <Filter>iconv</Filter>
    </ClInclude>
    <ClInclude Include="..\iconv\viscii.h">
      <Filter>iconv</Filter>
    </ClInclude>
  </ItemGroup>
  <ItemGroup>
    <None Include="..\iconv\encodings.def">
      <Filter>iconv</Filter>
    </None>
    <None Include="..\iconv\encodings_aix.def">
      <Filter>iconv</Filter>
    </None>
    <None Include="..\iconv\encodings_dos.def">
      <Filter>iconv</Filter>
    </None>
    <None Include="..\iconv\encodings_extra.def">
      <Filter>iconv</Filter>
    </None>
    <None Include="..\iconv\encodings_local.def">
      <Filter>iconv</Filter>
    </None>
    <None Include="..\iconv\encodings_osf1.def">
      <Filter>iconv</Filter>
    </None>
    <None Include="..\iconv\encodings_zos.def">
      <Filter>iconv</Filter>
    </None>
    <None Include="..\iconv\translit.def">
      <Filter>iconv</Filter>
    </None>
  </ItemGroup>
</Project>